
Microsoft Visual Studio Solution File, Format Version 12.00
Project("{FAE04EC0-301F-11D3-BF4B-00C04F79EFBC}") = "WinSvcGuardian", "WinSvcGuardian\WinSvcGuardian.csproj", "{6C7D6120-030F-48DE-84B0-FC88E02C3C4B}"
EndProject
Global
	GlobalSection(SolutionConfigurationPlatforms) = preSolution
		Debug|Any CPU = Debug|Any CPU
		Release|Any CPU = Release|Any CPU
	EndGlobalSection
	GlobalSection(ProjectConfigurationPlatforms) = postSolution
		{6C7D6120-030F-48DE-84B0-FC88E02C3C4B}.Debug|Any CPU.ActiveCfg = Debug|Any CPU
		{6C7D6120-030F-48DE-84B0-FC88E02C3C4B}.Debug|Any CPU.Build.0 = Debug|Any CPU
		{6C7D6120-030F-48DE-84B0-FC88E02C3C4B}.Release|Any CPU.ActiveCfg = Release|Any CPU
		{6C7D6120-030F-48DE-84B0-FC88E02C3C4B}.Release|Any CPU.Build.0 = Release|Any CPU
	EndGlobalSection
EndGlobal
